// !$*UTF8*$!
{
	archiveVersion = 1;
	classes = {
	};
	objectVersion = 46;
	objects = {

/* Begin PBXBuildFile section */
		E6472FFB1ECD221C00C5D073 /* main.c in Sources */ = {isa = PBXBuildFile; fileRef = E6472FFA1ECD221C00C5D073 /* main.c */; };
		E6A746481ED3C31800420AD9 /* DoubleList.c in Sources */ = {isa = PBXBuildFile; fileRef = E6A746461ED3C31800420AD9 /* DoubleList.c */; };
		E6A7467B1ED90D4B00420AD9 /* SQStack.c in Sources */ = {isa = PBXBuildFile; fileRef = E6A746791ED90D4B00420AD9 /* SQStack.c */; };
		E6A7467E1ED9273000420AD9 /* SQStackFunction.c in Sources */ = {isa = PBXBuildFile; fileRef = E6A7467C1ED9273000420AD9 /* SQStackFunction.c */; };
		E6C487931EDE6F5B00D127FF /* SQMazeFunction.c in Sources */ = {isa = PBXBuildFile; fileRef = E6C487911EDE6F5B00D127FF /* SQMazeFunction.c */; };
		E6C487961EDFB2B700D127FF /* SQMazeStack.c in Sources */ = {isa = PBXBuildFile; fileRef = E6C487941EDFB2B700D127FF /* SQMazeStack.c */; };
		E6C487991EE0F8DE00D127FF /* SQHanoiFunction.c in Sources */ = {isa = PBXBuildFile; fileRef = E6C487971EE0F8DE00D127FF /* SQHanoiFunction.c */; };
		E6C4879C1EE12D4500D127FF /* NormalQueue.c in Sources */ = {isa = PBXBuildFile; fileRef = E6C4879A1EE12D4500D127FF /* NormalQueue.c */; };
		E6D25FB91ED096FA00766F1A /* SignalList.c in Sources */ = {isa = PBXBuildFile; fileRef = E64730011ECD9E9A00C5D073 /* SignalList.c */; };
/* End PBXBuildFile section */

/* Begin PBXCopyFilesBuildPhase section */
		E6472FF51ECD221C00C5D073 /* CopyFiles */ = {
			isa = PBXCopyFilesBuildPhase;
			buildActionMask = 2147483647;
			dstPath = /usr/share/man/man1/;
			dstSubfolderSpec = 0;
			files = (
			);
			runOnlyForDeploymentPostprocessing = 1;
		};
/* End PBXCopyFilesBuildPhase section */

/* Begin PBXFileReference section */
		E6472FF71ECD221C00C5D073 /* Clist */ = {isa = PBXFileReference; explicitFileType = "compiled.mach-o.executable"; includeInIndex = 0; path = Clist; sourceTree = BUILT_PRODUCTS_DIR; };
		E6472FFA1ECD221C00C5D073 /* main.c */ = {isa = PBXFileReference; lastKnownFileType = sourcecode.c.c; path = main.c; sourceTree = "<group>"; };
		E64730011ECD9E9A00C5D073 /* SignalList.c */ = {isa = PBXFileReference; fileEncoding = 4; lastKnownFileType = sourcecode.c.c; path = SignalList.c; sourceTree = "<group>"; };
		E64730021ECD9E9A00C5D073 /* SignalList.h */ = {isa = PBXFileReference; fileEncoding = 4; lastKnownFileType = sourcecode.c.h; path = SignalList.h; sourceTree = "<group>"; };
		E6A746461ED3C31800420AD9 /* DoubleList.c */ = {isa = PBXFileReference; fileEncoding = 4; lastKnownFileType = sourcecode.c.c; path = DoubleList.c; sourceTree = "<group>"; };
		E6A746471ED3C31800420AD9 /* DoubleList.h */ = {isa = PBXFileReference; fileEncoding = 4; lastKnownFileType = sourcecode.c.h; path = DoubleList.h; sourceTree = "<group>"; };
		E6A746791ED90D4B00420AD9 /* SQStack.c */ = {isa = PBXFileReference; fileEncoding = 4; lastKnownFileType = sourcecode.c.c; path = SQStack.c; sourceTree = "<group>"; };
		E6A7467A1ED90D4B00420AD9 /* SQStack.h */ = {isa = PBXFileReference; fileEncoding = 4; lastKnownFileType = sourcecode.c.h; path = SQStack.h; sourceTree = "<group>"; };
		E6A7467C1ED9273000420AD9 /* SQStackFunction.c */ = {isa = PBXFileReference; fileEncoding = 4; lastKnownFileType = sourcecode.c.c; path = SQStackFunction.c; sourceTree = "<group>"; };
		E6A7467D1ED9273000420AD9 /* SQStackFunction.h */ = {isa = PBXFileReference; fileEncoding = 4; lastKnownFileType = sourcecode.c.h; path = SQStackFunction.h; sourceTree = "<group>"; };
		E6C487911EDE6F5B00D127FF /* SQMazeFunction.c */ = {isa = PBXFileReference; fileEncoding = 4; lastKnownFileType = sourcecode.c.c; path = SQMazeFunction.c; sourceTree = "<group>"; };
		E6C487921EDE6F5B00D127FF /* SQMazeFunction.h */ = {isa = PBXFileReference; fileEncoding = 4; lastKnownFileType = sourcecode.c.h; path = SQMazeFunction.h; sourceTree = "<group>"; };
		E6C487941EDFB2B700D127FF /* SQMazeStack.c */ = {isa = PBXFileReference; fileEncoding = 4; lastKnownFileType = sourcecode.c.c; path = SQMazeStack.c; sourceTree = "<group>"; };
		E6C487951EDFB2B700D127FF /* SQMazeStack.h */ = {isa = PBXFileReference; fileEncoding = 4; lastKnownFileType = sourcecode.c.h; path = SQMazeStack.h; sourceTree = "<group>"; };
		E6C487971EE0F8DE00D127FF /* SQHanoiFunction.c */ = {isa = PBXFileReference; fileEncoding = 4; lastKnownFileType = sourcecode.c.c; path = SQHanoiFunction.c; sourceTree = "<group>"; };
		E6C487981EE0F8DE00D127FF /* SQHanoiFunction.h */ = {isa = PBXFileReference; fileEncoding = 4; lastKnownFileType = sourcecode.c.h; path = SQHanoiFunction.h; sourceTree = "<group>"; };
		E6C4879A1EE12D4500D127FF /* NormalQueue.c */ = {isa = PBXFileReference; fileEncoding = 4; lastKnownFileType = sourcecode.c.c; path = NormalQueue.c; sourceTree = "<group>"; };
		E6C4879B1EE12D4500D127FF /* NormalQueue.h */ = {isa = PBXFileReference; fileEncoding = 4; lastKnownFileType = sourcecode.c.h; path = NormalQueue.h; sourceTree = "<group>"; };
/* End PBXFileReference section */

/* Begin PBXFrameworksBuildPhase section */
		E6472FF41ECD221C00C5D073 /* Frameworks */ = {
			isa = PBXFrameworksBuildPhase;
			buildActionMask = 2147483647;
			files = (
			);
			runOnlyForDeploymentPostprocessing = 0;
		};
/* End PBXFrameworksBuildPhase section */

/* Begin PBXGroup section */
		E6472FEE1ECD221C00C5D073 = {
			isa = PBXGroup;
			children = (
				E6472FF91ECD221C00C5D073 /* Clist */,
				E6472FF81ECD221C00C5D073 /* Products */,
			);
			sourceTree = "<group>";
		};
		E6472FF81ECD221C00C5D073 /* Products */ = {
			isa = PBXGroup;
			children = (
				E6472FF71ECD221C00C5D073 /* Clist */,
			);
			name = Products;
			sourceTree = "<group>";
		};
		E6472FF91ECD221C00C5D073 /* Clist */ = {
			isa = PBXGroup;
			children = (
				E6472FFA1ECD221C00C5D073 /* main.c */,
				E64730021ECD9E9A00C5D073 /* SignalList.h */,
				E64730011ECD9E9A00C5D073 /* SignalList.c */,
				E6A746471ED3C31800420AD9 /* DoubleList.h */,
				E6A746461ED3C31800420AD9 /* DoubleList.c */,
				E6A7467A1ED90D4B00420AD9 /* SQStack.h */,
				E6A746791ED90D4B00420AD9 /* SQStack.c */,
				E6C487951EDFB2B700D127FF /* SQMazeStack.h */,
				E6C487941EDFB2B700D127FF /* SQMazeStack.c */,
				E6A7467D1ED9273000420AD9 /* SQStackFunction.h */,
				E6A7467C1ED9273000420AD9 /* SQStackFunction.c */,
				E6C487921EDE6F5B00D127FF /* SQMazeFunction.h */,
				E6C487911EDE6F5B00D127FF /* SQMazeFunction.c */,
				E6C487981EE0F8DE00D127FF /* SQHanoiFunction.h */,
				E6C487971EE0F8DE00D127FF /* SQHanoiFunction.c */,
				E6C4879B1EE12D4500D127FF /* NormalQueue.h */,
				E6C4879A1EE12D4500D127FF /* NormalQueue.c */,
			);
			path = Clist;
			sourceTree = "<group>";
		};
/* End PBXGroup section */

/* Begin PBXNativeTarget section */
		E6472FF61ECD221C00C5D073 /* Clist */ = {
			isa = PBXNativeTarget;
			buildConfigurationList = E6472FFE1ECD221C00C5D073 /* Build configuration list for PBXNativeTarget "Clist" */;
			buildPhases = (
				E6472FF31ECD221C00C5D073 /* Sources */,
				E6472FF41ECD221C00C5D073 /* Frameworks */,
				E6472FF51ECD221C00C5D073 /* CopyFiles */,
			);
			buildRules = (
			);
			dependencies = (
			);
			name = Clist;
			productName = Clist;
			productReference = E6472FF71ECD221C00C5D073 /* Clist */;
			productType = "com.apple.product-type.tool";
		};
/* End PBXNativeTarget section */

/* Begin PBXProject section */
		E6472FEF1ECD221C00C5D073 /* Project object */ = {
			isa = PBXProject;
			attributes = {
				LastUpgradeCheck = 0830;
				ORGANIZATIONNAME = lsf;
				TargetAttributes = {
					E6472FF61ECD221C00C5D073 = {
						CreatedOnToolsVersion = 8.3.2;
						ProvisioningStyle = Automatic;
					};
				};
			};
			buildConfigurationList = E6472FF21ECD221C00C5D073 /* Build configuration list for PBXProject "Clist" */;
			compatibilityVersion = "Xcode 3.2";
			developmentRegion = English;
			hasScannedForEncodings = 0;
			knownRegions = (
				en,
			);
			mainGroup = E6472FEE1ECD221C00C5D073;
			productRefGroup = E6472FF81ECD221C00C5D073 /* Products */;
			projectDirPath = "";
			projectRoot = "";
			targets = (
				E6472FF61ECD221C00C5D073 /* Clist */,
			);
		};
/* End PBXProject section */

/* Begin PBXSourcesBuildPhase section */
		E6472FF31ECD221C00C5D073 /* Sources */ = {
			isa = PBXSourcesBuildPhase;
			buildActionMask = 2147483647;
			files = (
				E6C487931EDE6F5B00D127FF /* SQMazeFunction.c in Sources */,
				E6C487961EDFB2B700D127FF /* SQMazeStack.c in Sources */,
				E6A7467B1ED90D4B00420AD9 /* SQStack.c in Sources */,
				E6C487991EE0F8DE00D127FF /* SQHanoiFunction.c in Sources */,
				E6C4879C1EE12D4500D127FF /* NormalQueue.c in Sources */,
				E6D25FB91ED096FA00766F1A /* SignalList.c in Sources */,
				E6A746481ED3C31800420AD9 /* DoubleList.c in Sources */,
				E6A7467E1ED9273000420AD9 /* SQStackFunction.c in Sources */,
				E6472FFB1ECD221C00C5D073 /* main.c in Sources */,
			);
			runOnlyForDeploymentPostprocessing = 0;
		};
/* End PBXSourcesBuildPhase section */

/* Begin XCBuildConfiguration section */
		E6472FFC1ECD221C00C5D073 /* Debug */ = {
			isa = XCBuildConfiguration;
			buildSettings = {
				ALWAYS_SEARCH_USER_PATHS = NO;
				CLANG_ANALYZER_NONNULL = YES;
				CLANG_ANALYZER_NUMBER_OBJECT_CONVERSION = YES_AGGRESSIVE;
				CLANG_CXX_LANGUAGE_STANDARD = "gnu++0x";
				CLANG_CXX_LIBRARY = "libc++";
				CLANG_ENABLE_MODULES = YES;
				CLANG_ENABLE_OBJC_ARC = YES;
				CLANG_WARN_BOOL_CONVERSION = YES;
				CLANG_WARN_CONSTANT_CONVERSION = YES;
				CLANG_WARN_DIRECT_OBJC_ISA_USAGE = YES_ERROR;
				CLANG_WARN_DOCUMENTATION_COMMENTS = YES;
				CLANG_WARN_EMPTY_BODY = YES;
				CLANG_WARN_ENUM_CONVERSION = YES;
				CLANG_WARN_INFINITE_RECURSION = YES;
				CLANG_WARN_INT_CONVERSION = YES;
				CLANG_WARN_OBJC_ROOT_CLASS = YES_ERROR;
				CLANG_WARN_SUSPICIOUS_MOVE = YES;
				CLANG_WARN_UNREACHABLE_CODE = YES;
				CLANG_WARN__DUPLICATE_METHOD_MATCH = YES;
				CODE_SIGN_IDENTITY = "-";
				COPY_PHASE_STRIP = NO;
				DEBUG_INFORMATION_FORMAT = dwarf;
				ENABLE_STRICT_OBJC_MSGSEND = YES;
				ENABLE_TESTABILITY = YES;
				GCC_C_LANGUAGE_STANDARD = gnu99;
				GCC_DYNAMIC_NO_PIC = NO;
				GCC_NO_COMMON_BLOCKS = YES;
				GCC_OPTIMIZATION_LEVEL = 0;
				GCC_PREPROCESSOR_DEFINITIONS = (
					"DEBUG=1",
					"$(inherited)",
				);
				GCC_WARN_64_TO_32_BIT_CONVERSION = YES;
				GCC_WARN_ABOUT_RETURN_TYPE = YES_ERROR;
				GCC_WARN_UNDECLARED_SELECTOR = YES;
				GCC_WARN_UNINITIALIZED_AUTOS = YES_AGGRESSIVE;
				GCC_WARN_UNUSED_FUNCTION = YES;
				GCC_WARN_UNUSED_VARIABLE = YES;
				MACOSX_DEPLOYMENT_TARGET = 10.12;
				MTL_ENABLE_DEBUG_INFO = YES;
				ONLY_ACTIVE_ARCH = YES;
				SDKROOT = macosx;
			};
			name = Debug;
		};
		E6472FFD1ECD221C00C5D073 /* Release */ = {
			isa = XCBuildConfiguration;
			buildSettings = {
				ALWAYS_SEARCH_USER_PATHS = NO;
				CLANG_ANALYZER_NONNULL = YES;
				CLANG_ANALYZER_NUMBER_OBJECT_CONVERSION = YES_AGGRESSIVE;
				CLANG_CXX_LANGUAGE_STANDARD = "gnu++0x";
				CLANG_CXX_LIBRARY = "libc++";
				CLANG_ENABLE_MODULES = YES;
				CLANG_ENABLE_OBJC_ARC = YES;
				CLANG_WARN_BOOL_CONVERSION = YES;
				CLANG_WARN_CONSTANT_CONVERSION = YES;
				CLANG_WARN_DIRECT_OBJC_ISA_USAGE = YES_ERROR;
				CLANG_WARN_DOCUMENTATION_COMMENTS = YES;
				CLANG_WARN_EMPTY_BODY = YES;
				CLANG_WARN_ENUM_CONVERSION = YES;
				CLANG_WARN_INFINITE_RECURSION = YES;
				CLANG_WARN_INT_CONVERSION = YES;
				CLANG_WARN_OBJC_ROOT_CLASS = YES_ERROR;
				CLANG_WARN_SUSPICIOUS_MOVE = YES;
				CLANG_WARN_UNREACHABLE_CODE = YES;
				CLANG_WARN__DUPLICATE_METHOD_MATCH = YES;
				CODE_SIGN_IDENTITY = "-";
				COPY_PHASE_STRIP = NO;
				DEBUG_INFORMATION_FORMAT = "dwarf-with-dsym";
				ENABLE_NS_ASSERTIONS = NO;
				ENABLE_STRICT_OBJC_MSGSEND = YES;
				GCC_C_LANGUAGE_STANDARD = gnu99;
				GCC_NO_COMMON_BLOCKS = YES;
				GCC_WARN_64_TO_32_BIT_CONVERSION = YES;
				GCC_WARN_ABOUT_RETURN_TYPE = YES_ERROR;
				GCC_WARN_UNDECLARED_SELECTOR = YES;
				GCC_WARN_UNINITIALIZED_AUTOS = YES_AGGRESSIVE;
				GCC_WARN_UNUSED_FUNCTION = YES;
				GCC_WARN_UNUSED_VARIABLE = YES;
				MACOSX_DEPLOYMENT_TARGET = 10.12;
				MTL_ENABLE_DEBUG_INFO = NO;
				SDKROOT = macosx;
			};
			name = Release;
		};
		E6472FFF1ECD221C00C5D073 /* Debug */ = {
			isa = XCBuildConfiguration;
			buildSettings = {
				MACOSX_DEPLOYMENT_TARGET = 10.10;
				PRODUCT_NAME = "$(TARGET_NAME)";
			};
			name = Debug;
		};
		E64730001ECD221C00C5D073 /* Release */ = {
			isa = XCBuildConfiguration;
			buildSettings = {
				MACOSX_DEPLOYMENT_TARGET = 10.10;
				PRODUCT_NAME = "$(TARGET_NAME)";
			};
			name = Release;
		};
/* End XCBuildConfiguration section */

/* Begin XCConfigurationList section */
		E6472FF21ECD221C00C5D073 /* Build configuration list for PBXProject "Clist" */ = {
			isa = XCConfigurationList;
			buildConfigurations = (
				E6472FFC1ECD221C00C5D073 /* Debug */,
				E6472FFD1ECD221C00C5D073 /* Release */,
			);
			defaultConfigurationIsVisible = 0;
			defaultConfigurationName = Release;
		};
		E6472FFE1ECD221C00C5D073 /* Build configuration list for PBXNativeTarget "Clist" */ = {
			isa = XCConfigurationList;
			buildConfigurations = (
				E6472FFF1ECD221C00C5D073 /* Debug */,
				E64730001ECD221C00C5D073 /* Release */,
			);
			defaultConfigurationIsVisible = 0;
			defaultConfigurationName = Release;
		};
/* End XCConfigurationList section */
	};
	rootObject = E6472FEF1ECD221C00C5D073 /* Project object */;
}
